
Microsoft Visual Studio Solution File, Format Version 12.00
# Visual Studio Version 17
VisualStudioVersion = 17.13.35825.156 d17.13
MinimumVisualStudioVersion = 10.0.40219.1
Project("{FAE04EC0-301F-11D3-BF4B-00C04F79EFBC}") = "SansTopu.UI", "SansTopu.UI\SansTopu.UI.csproj", "{76EBC64F-2DE4-4949-94DF-84998B768644}"
EndProject
Global
	GlobalSection(SolutionConfigurationPlatforms) = preSolution
		Debug|Any CPU = Debug|Any CPU
		Release|Any CPU = Release|Any CPU
	EndGlobalSection
	GlobalSection(ProjectConfigurationPlatforms) = postSolution
		{76EBC64F-2DE4-4949-94DF-84998B768644}.Debug|Any CPU.ActiveCfg = Debug|Any CPU
		{76EBC64F-2DE4-4949-94DF-84998B768644}.Debug|Any CPU.Build.0 = Debug|Any CPU
		{76EBC64F-2DE4-4949-94DF-84998B768644}.Release|Any CPU.ActiveCfg = Release|Any CPU
		{76EBC64F-2DE4-4949-94DF-84998B768644}.Release|Any CPU.Build.0 = Release|Any CPU
	EndGlobalSection
	GlobalSection(SolutionProperties) = preSolution
		HideSolutionNode = FALSE
	EndGlobalSection
	GlobalSection(ExtensibilityGlobals) = postSolution
		SolutionGuid = {04576267-778F-4AE5-96AA-CD8731E09D98}
	EndGlobalSection
EndGlobal
